
Microsoft Visual Studio Solution File, Format Version 12.00
# Visual Studio Version 17
VisualStudioVersion = 17.0.31903.59
MinimumVisualStudioVersion = 10.0.40219.1
Project("{FAE04EC0-301F-11D3-BF4B-00C04F79EFBC}") = "ErrorHandling.Core", "ErrorHandling.Core\ErrorHandling.Core.csproj", "{C4189A6E-964B-4D16-8F28-D3F8047BCDC8}"
EndProject
Project("{FAE04EC0-301F-11D3-BF4B-00C04F79EFBC}") = "ErrorHandling.Benchmarks", "ErrorHandling.Benchmarks\ErrorHandling.Benchmarks.csproj", "{D2681D72-7CF9-4E9F-ACE4-E66B6FD20C19}"
EndProject
Global
	GlobalSection(SolutionConfigurationPlatforms) = preSolution
		Debug|Any CPU = Debug|Any CPU
		Release|Any CPU = Release|Any CPU
	EndGlobalSection
	GlobalSection(SolutionProperties) = preSolution
		HideSolutionNode = FALSE
	EndGlobalSection
	GlobalSection(ProjectConfigurationPlatforms) = postSolution
		{C4189A6E-964B-4D16-8F28-D3F8047BCDC8}.Debug|Any CPU.ActiveCfg = Debug|Any CPU
		{C4189A6E-964B-4D16-8F28-D3F8047BCDC8}.Debug|Any CPU.Build.0 = Debug|Any CPU
		{C4189A6E-964B-4D16-8F28-D3F8047BCDC8}.Release|Any CPU.ActiveCfg = Release|Any CPU
		{C4189A6E-964B-4D16-8F28-D3F8047BCDC8}.Release|Any CPU.Build.0 = Release|Any CPU
		{D2681D72-7CF9-4E9F-ACE4-E66B6FD20C19}.Debug|Any CPU.ActiveCfg = Debug|Any CPU
		{D2681D72-7CF9-4E9F-ACE4-E66B6FD20C19}.Debug|Any CPU.Build.0 = Debug|Any CPU
		{D2681D72-7CF9-4E9F-ACE4-E66B6FD20C19}.Release|Any CPU.ActiveCfg = Release|Any CPU
		{D2681D72-7CF9-4E9F-ACE4-E66B6FD20C19}.Release|Any CPU.Build.0 = Release|Any CPU
	EndGlobalSection
EndGlobal
